{
  "name": "baojin_v1.0",
  "lockfileVersion": 2,
  "requires": true,
  "packages": {
    "": {
      "dependencies": {
        "mint-ui": "^2.2.13"
      },
      "devDependencies": {
        "babel-plugin-component": "^1.1.1"
      }
    },
    "node_modules/@babel/helper-module-imports": {
      "version": "7.0.0-beta.35",
      "resolved": "https://registry.npmmirror.com/@babel/helper-module-imports/download/@babel/helper-module-imports-7.0.0-beta.35.tgz?cache=0&sync_timestamp=1635560941965&other_urls=https%3A%2F%2Fregistry.npmmirror.com%2F%40babel%2Fhelper-module-imports%2Fdownload%2F%40babel%2Fhelper-module-imports-7.0.0-beta.35.tgz",
      "integrity": "sha1-MI41DnMXUs200PBY3x1wSSXGTgo=",
      "dev": true,
      "dependencies": {
        "@babel/types": "7.0.0-beta.35",
        "lodash": "^4.2.0"
      }
    },
    "node_modules/@babel/types": {
      "version": "7.0.0-beta.35",
      "resolved": "https://registry.npmmirror.com/@babel/types/download/@babel/types-7.0.0-beta.35.tgz?cache=0&sync_timestamp=1635560908248&other_urls=https%3A%2F%2Fregistry.npmmirror.com%2F%40babel%2Ftypes%2Fdownload%2F%40babel%2Ftypes-7.0.0-beta.35.tgz",
      "integrity": "sha1-z5M6mpo4SEynJLM1uI2Dcm1auWA=",
      "dev": true,
      "dependencies": {
        "esutils": "^2.0.2",
        "lodash": "^4.2.0",
        "to-fast-properties": "^2.0.0"
      }
    },
    "node_modules/array-find-index": {
      "version": "1.0.2",
      "resolved": "https://registry.npm.taobao.org/array-find-index/download/array-find-index-1.0.2.tgz",
      "integrity": "sha1-3wEKoSh+Fku9pvlyOwqWoexBh6E=",
      "engines": {
        "node": ">=0.10.0"
      }
    },
    "node_modules/babel-plugin-component": {
      "version": "1.1.1",
      "resolved": "https://registry.nlark.com/babel-plugin-component/download/babel-plugin-component-1.1.1.tgz",
      "integrity": "sha1-mwI6I/9cmq4P1WxaGLnKuMTUXuo=",
      "dev": true,
      "dependencies": {
        "@babel/helper-module-imports": "7.0.0-beta.35"
      }
    },
    "node_modules/esutils": {
      "version": "2.0.3",
      "resolved": "https://registry.npm.taobao.org/esutils/download/esutils-2.0.3.tgz",
      "integrity": "sha1-dNLrTeC42hKTcRkQ1Qd1ubcQ72Q=",
      "dev": true,
      "engines": {
        "node": ">=0.10.0"
      }
    },
    "node_modules/lodash": {
      "version": "4.17.21",
      "resolved": "https://registry.npm.taobao.org/lodash/download/lodash-4.17.21.tgz?cache=0&sync_timestamp=1613835817439&other_urls=https%3A%2F%2Fregistry.npm.taobao.org%2Flodash%2Fdownload%2Flodash-4.17.21.tgz",
      "integrity": "sha1-Z5WRxWTDv/quhFTPCz3zcMPWkRw=",
      "dev": true
    },
    "node_modules/mint-ui": {
      "version": "2.2.13",
      "resolved": "https://registry.npm.taobao.org/mint-ui/download/mint-ui-2.2.13.tgz",
      "integrity": "sha1-hWosupYIxuzyHw5SHOie2N3+M9M=",
      "dependencies": {
        "array-find-index": "^1.0.2",
        "raf.js": "0.0.4",
        "vue-lazyload": "^1.0.1"
      },
      "peerDependencies": {
        "vue": "^2.3.0"
      }
    },
    "node_modules/raf.js": {
      "version": "0.0.4",
      "resolved": "https://registry.nlark.com/raf.js/download/raf.js-0.0.4.tgz",
      "integrity": "sha1-8Vr0RdJBsn+nExpXRQtn75xAL+w="
    },
    "node_modules/to-fast-properties": {
      "version": "2.0.0",
      "resolved": "https://registry.nlark.com/to-fast-properties/download/to-fast-properties-2.0.0.tgz?cache=0&sync_timestamp=1628418925592&other_urls=https%3A%2F%2Fregistry.nlark.com%2Fto-fast-properties%2Fdownload%2Fto-fast-properties-2.0.0.tgz",
      "integrity": "sha1-3F5pjL0HkmW8c+A3doGk5Og/YW4=",
      "dev": true,
      "engines": {
        "node": ">=4"
      }
    },
    "node_modules/vue": {
      "version": "2.6.14",
      "resolved": "https://registry.npmmirror.com/vue/download/vue-2.6.14.tgz",
      "integrity": "sha1-5RqlJQJQ1Wmj+606ilpofWA24jU=",
      "peer": true
    },
    "node_modules/vue-lazyload": {
      "version": "1.3.3",
      "resolved": "https://registry.npm.taobao.org/vue-lazyload/download/vue-lazyload-1.3.3.tgz",
      "integrity": "sha1-TfUKJxvem3TDyveiKNbgr1DVaC8="
    }
  },
  "dependencies": {
    "@babel/helper-module-imports": {
      "version": "7.0.0-beta.35",
      "resolved": "https://registry.npmmirror.com/@babel/helper-module-imports/download/@babel/helper-module-imports-7.0.0-beta.35.tgz?cache=0&sync_timestamp=1635560941965&other_urls=https%3A%2F%2Fregistry.npmmirror.com%2F%40babel%2Fhelper-module-imports%2Fdownload%2F%40babel%2Fhelper-module-imports-7.0.0-beta.35.tgz",
      "integrity": "sha1-MI41DnMXUs200PBY3x1wSSXGTgo=",
      "dev": true,
      "requires": {
        "@babel/types": "7.0.0-beta.35",
        "lodash": "^4.2.0"
      }
    },
    "@babel/types": {
      "version": "7.0.0-beta.35",
      "resolved": "https://registry.npmmirror.com/@babel/types/download/@babel/types-7.0.0-beta.35.tgz?cache=0&sync_timestamp=1635560908248&other_urls=https%3A%2F%2Fregistry.npmmirror.com%2F%40babel%2Ftypes%2Fdownload%2F%40babel%2Ftypes-7.0.0-beta.35.tgz",
      "integrity": "sha1-z5M6mpo4SEynJLM1uI2Dcm1auWA=",
      "dev": true,
      "requires": {
        "esutils": "^2.0.2",
        "lodash": "^4.2.0",
        "to-fast-properties": "^2.0.0"
      }
    },
    "array-find-index": {
      "version": "1.0.2",
      "resolved": "https://registry.npm.taobao.org/array-find-index/download/array-find-index-1.0.2.tgz",
      "integrity": "sha1-3wEKoSh+Fku9pvlyOwqWoexBh6E="
    },
    "babel-plugin-component": {
      "version": "1.1.1",
      "resolved": "https://registry.nlark.com/babel-plugin-component/download/babel-plugin-component-1.1.1.tgz",
      "integrity": "sha1-mwI6I/9cmq4P1WxaGLnKuMTUXuo=",
      "dev": true,
      "requires": {
        "@babel/helper-module-imports": "7.0.0-beta.35"
      }
    },
    "esutils": {
      "version": "2.0.3",
      "resolved": "https://registry.npm.taobao.org/esutils/download/esutils-2.0.3.tgz",
      "integrity": "sha1-dNLrTeC42hKTcRkQ1Qd1ubcQ72Q=",
      "dev": true
    },
    "lodash": {
      "version": "4.17.21",
      "resolved": "https://registry.npm.taobao.org/lodash/download/lodash-4.17.21.tgz?cache=0&sync_timestamp=1613835817439&other_urls=https%3A%2F%2Fregistry.npm.taobao.org%2Flodash%2Fdownload%2Flodash-4.17.21.tgz",
      "integrity": "sha1-Z5WRxWTDv/quhFTPCz3zcMPWkRw=",
      "dev": true
    },
    "mint-ui": {
      "version": "2.2.13",
      "resolved": "https://registry.npm.taobao.org/mint-ui/download/mint-ui-2.2.13.tgz",
      "integrity": "sha1-hWosupYIxuzyHw5SHOie2N3+M9M=",
      "requires": {
        "array-find-index": "^1.0.2",
        "raf.js": "0.0.4",
        "vue-lazyload": "^1.0.1"
      }
    },
    "raf.js": {
      "version": "0.0.4",
      "resolved": "https://registry.nlark.com/raf.js/download/raf.js-0.0.4.tgz",
      "integrity": "sha1-8Vr0RdJBsn+nExpXRQtn75xAL+w="
    },
    "to-fast-properties": {
      "version": "2.0.0",
      "resolved": "https://registry.nlark.com/to-fast-properties/download/to-fast-properties-2.0.0.tgz?cache=0&sync_timestamp=1628418925592&other_urls=https%3A%2F%2Fregistry.nlark.com%2Fto-fast-properties%2Fdownload%2Fto-fast-properties-2.0.0.tgz",
      "integrity": "sha1-3F5pjL0HkmW8c+A3doGk5Og/YW4=",
      "dev": true
    },
    "vue": {
      "version": "2.6.14",
      "resolved": "https://registry.npmmirror.com/vue/download/vue-2.6.14.tgz",
      "integrity": "sha1-5RqlJQJQ1Wmj+606ilpofWA24jU=",
      "peer": true
    },
    "vue-lazyload": {
      "version": "1.3.3",
      "resolved": "https://registry.npm.taobao.org/vue-lazyload/download/vue-lazyload-1.3.3.tgz",
      "integrity": "sha1-TfUKJxvem3TDyveiKNbgr1DVaC8="
    }
  }
}
